// !$*UTF8*$!
{
	archiveVersion = 1;
	classes = {
	};
	objectVersion = 52;
	objects = {

/* Begin PBXBuildFile section */
		13D46E2D2656DEA900B034DB /* ComputationalGeometryApp.swift in Sources */ = {isa = PBXBuildFile; fileRef = 13D46E2C2656DEA900B034DB /* ComputationalGeometryApp.swift */; };
		13D46E2F2656DEA900B034DB /* ContentView.swift in Sources */ = {isa = PBXBuildFile; fileRef = 13D46E2E2656DEA900B034DB /* ContentView.swift */; };
		13D46E312656DEAA00B034DB /* Assets.xcassets in Resources */ = {isa = PBXBuildFile; fileRef = 13D46E302656DEAA00B034DB /* Assets.xcassets */; };
		13D46E342656DEAA00B034DB /* Preview Assets.xcassets in Resources */ = {isa = PBXBuildFile; fileRef = 13D46E332656DEAA00B034DB /* Preview Assets.xcassets */; };
		13D46E402656E09300B034DB /* CartesianGridView.swift in Sources */ = {isa = PBXBuildFile; fileRef = 13D46E3E2656E09200B034DB /* CartesianGridView.swift */; };
		13D46E412656E09300B034DB /* SweeplineView.swift in Sources */ = {isa = PBXBuildFile; fileRef = 13D46E3F2656E09200B034DB /* SweeplineView.swift */; };
		13D46E462656E0B500B034DB /* ConvexHullView.swift in Sources */ = {isa = PBXBuildFile; fileRef = 13D46E432656E0B500B034DB /* ConvexHullView.swift */; };
		13D46E472656E0B500B034DB /* ConvexHullViewController.swift in Sources */ = {isa = PBXBuildFile; fileRef = 13D46E442656E0B500B034DB /* ConvexHullViewController.swift */; };
		13D46E482656E0B500B034DB /* ConvexHullModel.swift in Sources */ = {isa = PBXBuildFile; fileRef = 13D46E452656E0B500B034DB /* ConvexHullModel.swift */; };
		13D46E4E2656E0E800B034DB /* Face.swift in Sources */ = {isa = PBXBuildFile; fileRef = 13D46E492656E0E800B034DB /* Face.swift */; };
		13D46E4F2656E0E800B034DB /* HalfEdge.swift in Sources */ = {isa = PBXBuildFile; fileRef = 13D46E4A2656E0E800B034DB /* HalfEdge.swift */; };
		13D46E502656E0E800B034DB /* DCEL.swift in Sources */ = {isa = PBXBuildFile; fileRef = 13D46E4C2656E0E800B034DB /* DCEL.swift */; };
		13D46E512656E0E800B034DB /* Extensions.swift in Sources */ = {isa = PBXBuildFile; fileRef = 13D46E4D2656E0E800B034DB /* Extensions.swift */; };
		13D46E592656E12C00B034DB /* LineIntersectionsView.swift in Sources */ = {isa = PBXBuildFile; fileRef = 13D46E532656E12C00B034DB /* LineIntersectionsView.swift */; };
		13D46E5A2656E12C00B034DB /* Event.swift in Sources */ = {isa = PBXBuildFile; fileRef = 13D46E542656E12C00B034DB /* Event.swift */; };
		13D46E5B2656E12C00B034DB /* LineIntersectionsViewController.swift in Sources */ = {isa = PBXBuildFile; fileRef = 13D46E552656E12C00B034DB /* LineIntersectionsViewController.swift */; };
		13D46E5C2656E12C00B034DB /* LineIntersectionsModel.swift in Sources */ = {isa = PBXBuildFile; fileRef = 13D46E562656E12C00B034DB /* LineIntersectionsModel.swift */; };
		13D46E5D2656E12C00B034DB /* Vertex.swift in Sources */ = {isa = PBXBuildFile; fileRef = 13D46E572656E12C00B034DB /* Vertex.swift */; };
		13D46E5E2656E12C00B034DB /* LineSegment.swift in Sources */ = {isa = PBXBuildFile; fileRef = 13D46E582656E12C00B034DB /* LineSegment.swift */; };
		13D46E612656E1EB00B034DB /* RedBlackTree in Frameworks */ = {isa = PBXBuildFile; productRef = 13D46E602656E1EB00B034DB /* RedBlackTree */; };
/* End PBXBuildFile section */

/* Begin PBXFileReference section */
		13D46E292656DEA900B034DB /* ComputationalGeometry.app */ = {isa = PBXFileReference; explicitFileType = wrapper.application; includeInIndex = 0; path = ComputationalGeometry.app; sourceTree = BUILT_PRODUCTS_DIR; };
		13D46E2C2656DEA900B034DB /* ComputationalGeometryApp.swift */ = {isa = PBXFileReference; lastKnownFileType = sourcecode.swift; path = ComputationalGeometryApp.swift; sourceTree = "<group>"; };
		13D46E2E2656DEA900B034DB /* ContentView.swift */ = {isa = PBXFileReference; lastKnownFileType = sourcecode.swift; path = ContentView.swift; sourceTree = "<group>"; };
		13D46E302656DEAA00B034DB /* Assets.xcassets */ = {isa = PBXFileReference; lastKnownFileType = folder.assetcatalog; path = Assets.xcassets; sourceTree = "<group>"; };
		13D46E332656DEAA00B034DB /* Preview Assets.xcassets */ = {isa = PBXFileReference; lastKnownFileType = folder.assetcatalog; path = "Preview Assets.xcassets"; sourceTree = "<group>"; };
		13D46E352656DEAA00B034DB /* Info.plist */ = {isa = PBXFileReference; lastKnownFileType = text.plist.xml; path = Info.plist; sourceTree = "<group>"; };
		13D46E362656DEAA00B034DB /* ComputationalGeometry.entitlements */ = {isa = PBXFileReference; lastKnownFileType = text.plist.entitlements; path = ComputationalGeometry.entitlements; sourceTree = "<group>"; };
		13D46E3C2656DED600B034DB /* RedBlackTree */ = {isa = PBXFileReference; lastKnownFileType = folder; name = RedBlackTree; path = ../RedBlackTree; sourceTree = "<group>"; };
		13D46E3E2656E09200B034DB /* CartesianGridView.swift */ = {isa = PBXFileReference; fileEncoding = 4; lastKnownFileType = sourcecode.swift; path = CartesianGridView.swift; sourceTree = "<group>"; };
		13D46E3F2656E09200B034DB /* SweeplineView.swift */ = {isa = PBXFileReference; fileEncoding = 4; lastKnownFileType = sourcecode.swift; path = SweeplineView.swift; sourceTree = "<group>"; };
		13D46E432656E0B500B034DB /* ConvexHullView.swift */ = {isa = PBXFileReference; fileEncoding = 4; lastKnownFileType = sourcecode.swift; path = ConvexHullView.swift; sourceTree = "<group>"; };
		13D46E442656E0B500B034DB /* ConvexHullViewController.swift */ = {isa = PBXFileReference; fileEncoding = 4; lastKnownFileType = sourcecode.swift; path = ConvexHullViewController.swift; sourceTree = "<group>"; };
		13D46E452656E0B500B034DB /* ConvexHullModel.swift */ = {isa = PBXFileReference; fileEncoding = 4; lastKnownFileType = sourcecode.swift; path = ConvexHullModel.swift; sourceTree = "<group>"; };
		13D46E492656E0E800B034DB /* Face.swift */ = {isa = PBXFileReference; fileEncoding = 4; lastKnownFileType = sourcecode.swift; path = Face.swift; sourceTree = "<group>"; };
		13D46E4A2656E0E800B034DB /* HalfEdge.swift */ = {isa = PBXFileReference; fileEncoding = 4; lastKnownFileType = sourcecode.swift; path = HalfEdge.swift; sourceTree = "<group>"; };
		13D46E4C2656E0E800B034DB /* DCEL.swift */ = {isa = PBXFileReference; fileEncoding = 4; lastKnownFileType = sourcecode.swift; path = DCEL.swift; sourceTree = "<group>"; };
		13D46E4D2656E0E800B034DB /* Extensions.swift */ = {isa = PBXFileReference; fileEncoding = 4; lastKnownFileType = sourcecode.swift; path = Extensions.swift; sourceTree = "<group>"; };
		13D46E532656E12C00B034DB /* LineIntersectionsView.swift */ = {isa = PBXFileReference; fileEncoding = 4; lastKnownFileType = sourcecode.swift; path = LineIntersectionsView.swift; sourceTree = "<group>"; };
		13D46E542656E12C00B034DB /* Event.swift */ = {isa = PBXFileReference; fileEncoding = 4; lastKnownFileType = sourcecode.swift; path = Event.swift; sourceTree = "<group>"; };
		13D46E552656E12C00B034DB /* LineIntersectionsViewController.swift */ = {isa = PBXFileReference; fileEncoding = 4; lastKnownFileType = sourcecode.swift; path = LineIntersectionsViewController.swift; sourceTree = "<group>"; };
		13D46E562656E12C00B034DB /* LineIntersectionsModel.swift */ = {isa = PBXFileReference; fileEncoding = 4; lastKnownFileType = sourcecode.swift; path = LineIntersectionsModel.swift; sourceTree = "<group>"; };
		13D46E572656E12C00B034DB /* Vertex.swift */ = {isa = PBXFileReference; fileEncoding = 4; lastKnownFileType = sourcecode.swift; path = Vertex.swift; sourceTree = "<group>"; };
		13D46E582656E12C00B034DB /* LineSegment.swift */ = {isa = PBXFileReference; fileEncoding = 4; lastKnownFileType = sourcecode.swift; path = LineSegment.swift; sourceTree = "<group>"; };
/* End PBXFileReference section */

/* Begin PBXFrameworksBuildPhase section */
		13D46E262656DEA900B034DB /* Frameworks */ = {
			isa = PBXFrameworksBuildPhase;
			buildActionMask = 2147483647;
			files = (
				13D46E612656E1EB00B034DB /* RedBlackTree in Frameworks */,
			);
			runOnlyForDeploymentPostprocessing = 0;
		};
/* End PBXFrameworksBuildPhase section */

/* Begin PBXGroup section */
		13D46E202656DEA900B034DB = {
			isa = PBXGroup;
			children = (
				13D46E3C2656DED600B034DB /* RedBlackTree */,
				13D46E2B2656DEA900B034DB /* ComputationalGeometry */,
				13D46E2A2656DEA900B034DB /* Products */,
				13D46E5F2656E1EB00B034DB /* Frameworks */,
			);
			sourceTree = "<group>";
		};
		13D46E2A2656DEA900B034DB /* Products */ = {
			isa = PBXGroup;
			children = (
				13D46E292656DEA900B034DB /* ComputationalGeometry.app */,
			);
			name = Products;
			sourceTree = "<group>";
		};
		13D46E2B2656DEA900B034DB /* ComputationalGeometry */ = {
			isa = PBXGroup;
			children = (
				13D46E522656E12C00B034DB /* LineIntersections */,
				13D46E582656E12C00B034DB /* LineSegment.swift */,
				13D46E572656E12C00B034DB /* Vertex.swift */,
				13D46E3D2656E09200B034DB /* Background */,
				13D46E422656E0B500B034DB /* ConvexHull */,
				13D46E4B2656E0E800B034DB /* DCEL */,
				13D46E4D2656E0E800B034DB /* Extensions.swift */,
				13D46E492656E0E800B034DB /* Face.swift */,
				13D46E4A2656E0E800B034DB /* HalfEdge.swift */,
				13D46E2C2656DEA900B034DB /* ComputationalGeometryApp.swift */,
				13D46E2E2656DEA900B034DB /* ContentView.swift */,
				13D46E302656DEAA00B034DB /* Assets.xcassets */,
				13D46E352656DEAA00B034DB /* Info.plist */,
				13D46E362656DEAA00B034DB /* ComputationalGeometry.entitlements */,
				13D46E322656DEAA00B034DB /* Preview Content */,
			);
			path = ComputationalGeometry;
			sourceTree = "<group>";
		};
		13D46E322656DEAA00B034DB /* Preview Content */ = {
			isa = PBXGroup;
			children = (
				13D46E332656DEAA00B034DB /* Preview Assets.xcassets */,
			);
			path = "Preview Content";
			sourceTree = "<group>";
		};
		13D46E3D2656E09200B034DB /* Background */ = {
			isa = PBXGroup;
			children = (
				13D46E3E2656E09200B034DB /* CartesianGridView.swift */,
				13D46E3F2656E09200B034DB /* SweeplineView.swift */,
			);
			path = Background;
			sourceTree = "<group>";
		};
		13D46E422656E0B500B034DB /* ConvexHull */ = {
			isa = PBXGroup;
			children = (
				13D46E432656E0B500B034DB /* ConvexHullView.swift */,
				13D46E442656E0B500B034DB /* ConvexHullViewController.swift */,
				13D46E452656E0B500B034DB /* ConvexHullModel.swift */,
			);
			path = ConvexHull;
			sourceTree = "<group>";
		};
		13D46E4B2656E0E800B034DB /* DCEL */ = {
			isa = PBXGroup;
			children = (
				13D46E4C2656E0E800B034DB /* DCEL.swift */,
			);
			path = DCEL;
			sourceTree = "<group>";
		};
		13D46E522656E12C00B034DB /* LineIntersections */ = {
			isa = PBXGroup;
			children = (
				13D46E532656E12C00B034DB /* LineIntersectionsView.swift */,
				13D46E542656E12C00B034DB /* Event.swift */,
				13D46E552656E12C00B034DB /* LineIntersectionsViewController.swift */,
				13D46E562656E12C00B034DB /* LineIntersectionsModel.swift */,
			);
			path = LineIntersections;
			sourceTree = "<group>";
		};
		13D46E5F2656E1EB00B034DB /* Frameworks */ = {
			isa = PBXGroup;
			children = (
			);
			name = Frameworks;
			sourceTree = "<group>";
		};
/* End PBXGroup section */

/* Begin PBXNativeTarget section */
		13D46E282656DEA900B034DB /* ComputationalGeometry */ = {
			isa = PBXNativeTarget;
			buildConfigurationList = 13D46E392656DEAA00B034DB /* Build configuration list for PBXNativeTarget "ComputationalGeometry" */;
			buildPhases = (
				13D46E252656DEA900B034DB /* Sources */,
				13D46E262656DEA900B034DB /* Frameworks */,
				13D46E272656DEA900B034DB /* Resources */,
			);
			buildRules = (
			);
			dependencies = (
			);
			name = ComputationalGeometry;
			packageProductDependencies = (
				13D46E602656E1EB00B034DB /* RedBlackTree */,
			);
			productName = ComputationalGeometry;
			productReference = 13D46E292656DEA900B034DB /* ComputationalGeometry.app */;
			productType = "com.apple.product-type.application";
		};
/* End PBXNativeTarget section */

/* Begin PBXProject section */
		13D46E212656DEA900B034DB /* Project object */ = {
			isa = PBXProject;
			attributes = {
				LastSwiftUpdateCheck = 1250;
				LastUpgradeCheck = 1250;
				TargetAttributes = {
					13D46E282656DEA900B034DB = {
						CreatedOnToolsVersion = 12.5;
					};
				};
			};
			buildConfigurationList = 13D46E242656DEA900B034DB /* Build configuration list for PBXProject "ComputationalGeometry" */;
			compatibilityVersion = "Xcode 9.3";
			developmentRegion = en;
			hasScannedForEncodings = 0;
			knownRegions = (
				en,
				Base,
			);
			mainGroup = 13D46E202656DEA900B034DB;
			productRefGroup = 13D46E2A2656DEA900B034DB /* Products */;
			projectDirPath = "";
			projectRoot = "";
			targets = (
				13D46E282656DEA900B034DB /* ComputationalGeometry */,
			);
		};
/* End PBXProject section */

/* Begin PBXResourcesBuildPhase section */
		13D46E272656DEA900B034DB /* Resources */ = {
			isa = PBXResourcesBuildPhase;
			buildActionMask = 2147483647;
			files = (
				13D46E342656DEAA00B034DB /* Preview Assets.xcassets in Resources */,
				13D46E312656DEAA00B034DB /* Assets.xcassets in Resources */,
			);
			runOnlyForDeploymentPostprocessing = 0;
		};
/* End PBXResourcesBuildPhase section */

/* Begin PBXSourcesBuildPhase section */
		13D46E252656DEA900B034DB /* Sources */ = {
			isa = PBXSourcesBuildPhase;
			buildActionMask = 2147483647;
			files = (
				13D46E472656E0B500B034DB /* ConvexHullViewController.swift in Sources */,
				13D46E5B2656E12C00B034DB /* LineIntersectionsViewController.swift in Sources */,
				13D46E2F2656DEA900B034DB /* ContentView.swift in Sources */,
				13D46E412656E09300B034DB /* SweeplineView.swift in Sources */,
				13D46E592656E12C00B034DB /* LineIntersectionsView.swift in Sources */,
				13D46E5D2656E12C00B034DB /* Vertex.swift in Sources */,
				13D46E402656E09300B034DB /* CartesianGridView.swift in Sources */,
				13D46E4E2656E0E800B034DB /* Face.swift in Sources */,
				13D46E502656E0E800B034DB /* DCEL.swift in Sources */,
				13D46E4F2656E0E800B034DB /* HalfEdge.swift in Sources */,
				13D46E482656E0B500B034DB /* ConvexHullModel.swift in Sources */,
				13D46E5C2656E12C00B034DB /* LineIntersectionsModel.swift in Sources */,
				13D46E2D2656DEA900B034DB /* ComputationalGeometryApp.swift in Sources */,
				13D46E512656E0E800B034DB /* Extensions.swift in Sources */,
				13D46E462656E0B500B034DB /* ConvexHullView.swift in Sources */,
				13D46E5A2656E12C00B034DB /* Event.swift in Sources */,
				13D46E5E2656E12C00B034DB /* LineSegment.swift in Sources */,
			);
			runOnlyForDeploymentPostprocessing = 0;
		};
/* End PBXSourcesBuildPhase section */

/* Begin XCBuildConfiguration section */
		13D46E372656DEAA00B034DB /* Debug */ = {
			isa = XCBuildConfiguration;
			buildSettings = {
				ALWAYS_SEARCH_USER_PATHS = NO;
				CLANG_ANALYZER_NONNULL = YES;
				CLANG_ANALYZER_NUMBER_OBJECT_CONVERSION = YES_AGGRESSIVE;
				CLANG_CXX_LANGUAGE_STANDARD = "gnu++14";
				CLANG_CXX_LIBRARY = "libc++";
				CLANG_ENABLE_MODULES = YES;
				CLANG_ENABLE_OBJC_ARC = YES;
				CLANG_ENABLE_OBJC_WEAK = YES;
				CLANG_WARN_BLOCK_CAPTURE_AUTORELEASING = YES;
				CLANG_WARN_BOOL_CONVERSION = YES;
				CLANG_WARN_COMMA = YES;
				CLANG_WARN_CONSTANT_CONVERSION = YES;
				CLANG_WARN_DEPRECATED_OBJC_IMPLEMENTATIONS = YES;
				CLANG_WARN_DIRECT_OBJC_ISA_USAGE = YES_ERROR;
				CLANG_WARN_DOCUMENTATION_COMMENTS = YES;
				CLANG_WARN_EMPTY_BODY = YES;
				CLANG_WARN_ENUM_CONVERSION = YES;
				CLANG_WARN_INFINITE_RECURSION = YES;
				CLANG_WARN_INT_CONVERSION = YES;
				CLANG_WARN_NON_LITERAL_NULL_CONVERSION = YES;
				CLANG_WARN_OBJC_IMPLICIT_RETAIN_SELF = YES;
				CLANG_WARN_OBJC_LITERAL_CONVERSION = YES;
				CLANG_WARN_OBJC_ROOT_CLASS = YES_ERROR;
				CLANG_WARN_QUOTED_INCLUDE_IN_FRAMEWORK_HEADER = YES;
				CLANG_WARN_RANGE_LOOP_ANALYSIS = YES;
				CLANG_WARN_STRICT_PROTOTYPES = YES;
				CLANG_WARN_SUSPICIOUS_MOVE = YES;
				CLANG_WARN_UNGUARDED_AVAILABILITY = YES_AGGRESSIVE;
				CLANG_WARN_UNREACHABLE_CODE = YES;
				CLANG_WARN__DUPLICATE_METHOD_MATCH = YES;
				COPY_PHASE_STRIP = NO;
				DEBUG_INFORMATION_FORMAT = dwarf;
				ENABLE_STRICT_OBJC_MSGSEND = YES;
				ENABLE_TESTABILITY = YES;
				GCC_C_LANGUAGE_STANDARD = gnu11;
				GCC_DYNAMIC_NO_PIC = NO;
				GCC_NO_COMMON_BLOCKS = YES;
				GCC_OPTIMIZATION_LEVEL = 0;
				GCC_PREPROCESSOR_DEFINITIONS = (
					"DEBUG=1",
					"$(inherited)",
				);
				GCC_WARN_64_TO_32_BIT_CONVERSION = YES;
				GCC_WARN_ABOUT_RETURN_TYPE = YES_ERROR;
				GCC_WARN_UNDECLARED_SELECTOR = YES;
				GCC_WARN_UNINITIALIZED_AUTOS = YES_AGGRESSIVE;
				GCC_WARN_UNUSED_FUNCTION = YES;
				GCC_WARN_UNUSED_VARIABLE = YES;
				MACOSX_DEPLOYMENT_TARGET = 11.3;
				MTL_ENABLE_DEBUG_INFO = INCLUDE_SOURCE;
				MTL_FAST_MATH = YES;
				ONLY_ACTIVE_ARCH = YES;
				SDKROOT = macosx;
				SWIFT_ACTIVE_COMPILATION_CONDITIONS = DEBUG;
				SWIFT_OPTIMIZATION_LEVEL = "-Onone";
			};
			name = Debug;
		};
		13D46E382656DEAA00B034DB /* Release */ = {
			isa = XCBuildConfiguration;
			buildSettings = {
				ALWAYS_SEARCH_USER_PATHS = NO;
				CLANG_ANALYZER_NONNULL = YES;
				CLANG_ANALYZER_NUMBER_OBJECT_CONVERSION = YES_AGGRESSIVE;
				CLANG_CXX_LANGUAGE_STANDARD = "gnu++14";
				CLANG_CXX_LIBRARY = "libc++";
				CLANG_ENABLE_MODULES = YES;
				CLANG_ENABLE_OBJC_ARC = YES;
				CLANG_ENABLE_OBJC_WEAK = YES;
				CLANG_WARN_BLOCK_CAPTURE_AUTORELEASING = YES;
				CLANG_WARN_BOOL_CONVERSION = YES;
				CLANG_WARN_COMMA = YES;
				CLANG_WARN_CONSTANT_CONVERSION = YES;
				CLANG_WARN_DEPRECATED_OBJC_IMPLEMENTATIONS = YES;
				CLANG_WARN_DIRECT_OBJC_ISA_USAGE = YES_ERROR;
				CLANG_WARN_DOCUMENTATION_COMMENTS = YES;
				CLANG_WARN_EMPTY_BODY = YES;
				CLANG_WARN_ENUM_CONVERSION = YES;
				CLANG_WARN_INFINITE_RECURSION = YES;
				CLANG_WARN_INT_CONVERSION = YES;
				CLANG_WARN_NON_LITERAL_NULL_CONVERSION = YES;
				CLANG_WARN_OBJC_IMPLICIT_RETAIN_SELF = YES;
				CLANG_WARN_OBJC_LITERAL_CONVERSION = YES;
				CLANG_WARN_OBJC_ROOT_CLASS = YES_ERROR;
				CLANG_WARN_QUOTED_INCLUDE_IN_FRAMEWORK_HEADER = YES;
				CLANG_WARN_RANGE_LOOP_ANALYSIS = YES;
				CLANG_WARN_STRICT_PROTOTYPES = YES;
				CLANG_WARN_SUSPICIOUS_MOVE = YES;
				CLANG_WARN_UNGUARDED_AVAILABILITY = YES_AGGRESSIVE;
				CLANG_WARN_UNREACHABLE_CODE = YES;
				CLANG_WARN__DUPLICATE_METHOD_MATCH = YES;
				COPY_PHASE_STRIP = NO;
				DEBUG_INFORMATION_FORMAT = "dwarf-with-dsym";
				ENABLE_NS_ASSERTIONS = NO;
				ENABLE_STRICT_OBJC_MSGSEND = YES;
				GCC_C_LANGUAGE_STANDARD = gnu11;
				GCC_NO_COMMON_BLOCKS = YES;
				GCC_WARN_64_TO_32_BIT_CONVERSION = YES;
				GCC_WARN_ABOUT_RETURN_TYPE = YES_ERROR;
				GCC_WARN_UNDECLARED_SELECTOR = YES;
				GCC_WARN_UNINITIALIZED_AUTOS = YES_AGGRESSIVE;
				GCC_WARN_UNUSED_FUNCTION = YES;
				GCC_WARN_UNUSED_VARIABLE = YES;
				MACOSX_DEPLOYMENT_TARGET = 11.3;
				MTL_ENABLE_DEBUG_INFO = NO;
				MTL_FAST_MATH = YES;
				SDKROOT = macosx;
				SWIFT_COMPILATION_MODE = wholemodule;
				SWIFT_OPTIMIZATION_LEVEL = "-O";
			};
			name = Release;
		};
		13D46E3A2656DEAA00B034DB /* Debug */ = {
			isa = XCBuildConfiguration;
			buildSettings = {
				ASSETCATALOG_COMPILER_APPICON_NAME = AppIcon;
				ASSETCATALOG_COMPILER_GLOBAL_ACCENT_COLOR_NAME = AccentColor;
				CODE_SIGN_ENTITLEMENTS = ComputationalGeometry/ComputationalGeometry.entitlements;
				CODE_SIGN_STYLE = Automatic;
				COMBINE_HIDPI_IMAGES = YES;
				DEVELOPMENT_ASSET_PATHS = "\"ComputationalGeometry/Preview Content\"";
				DEVELOPMENT_TEAM = R9WKPNHP4F;
				ENABLE_HARDENED_RUNTIME = YES;
				ENABLE_PREVIEWS = YES;
				INFOPLIST_FILE = ComputationalGeometry/Info.plist;
				LD_RUNPATH_SEARCH_PATHS = (
					"$(inherited)",
					"@executable_path/../Frameworks",
				);
				MACOSX_DEPLOYMENT_TARGET = 11.0;
				PRODUCT_BUNDLE_IDENTIFIER = VilleNormeSoftware.ComputationalGeometry;
				PRODUCT_NAME = "$(TARGET_NAME)";
				SWIFT_VERSION = 5.0;
			};
			name = Debug;
		};
		13D46E3B2656DEAA00B034DB /* Release */ = {
			isa = XCBuildConfiguration;
			buildSettings = {
				ASSETCATALOG_COMPILER_APPICON_NAME = AppIcon;
				ASSETCATALOG_COMPILER_GLOBAL_ACCENT_COLOR_NAME = AccentColor;
				CODE_SIGN_ENTITLEMENTS = ComputationalGeometry/ComputationalGeometry.entitlements;
				CODE_SIGN_STYLE = Automatic;
				COMBINE_HIDPI_IMAGES = YES;
				DEVELOPMENT_ASSET_PATHS = "\"ComputationalGeometry/Preview Content\"";
				DEVELOPMENT_TEAM = R9WKPNHP4F;
				ENABLE_HARDENED_RUNTIME = YES;
				ENABLE_PREVIEWS = YES;
				INFOPLIST_FILE = ComputationalGeometry/Info.plist;
				LD_RUNPATH_SEARCH_PATHS = (
					"$(inherited)",
					"@executable_path/../Frameworks",
				);
				MACOSX_DEPLOYMENT_TARGET = 11.0;
				PRODUCT_BUNDLE_IDENTIFIER = VilleNormeSoftware.ComputationalGeometry;
				PRODUCT_NAME = "$(TARGET_NAME)";
				SWIFT_VERSION = 5.0;
			};
			name = Release;
		};
/* End XCBuildConfiguration section */

/* Begin XCConfigurationList section */
		13D46E242656DEA900B034DB /* Build configuration list for PBXProject "ComputationalGeometry" */ = {
			isa = XCConfigurationList;
			buildConfigurations = (
				13D46E372656DEAA00B034DB /* Debug */,
				13D46E382656DEAA00B034DB /* Release */,
			);
			defaultConfigurationIsVisible = 0;
			defaultConfigurationName = Release;
		};
		13D46E392656DEAA00B034DB /* Build configuration list for PBXNativeTarget "ComputationalGeometry" */ = {
			isa = XCConfigurationList;
			buildConfigurations = (
				13D46E3A2656DEAA00B034DB /* Debug */,
				13D46E3B2656DEAA00B034DB /* Release */,
			);
			defaultConfigurationIsVisible = 0;
			defaultConfigurationName = Release;
		};
/* End XCConfigurationList section */

/* Begin XCSwiftPackageProductDependency section */
		13D46E602656E1EB00B034DB /* RedBlackTree */ = {
			isa = XCSwiftPackageProductDependency;
			productName = RedBlackTree;
		};
/* End XCSwiftPackageProductDependency section */
	};
	rootObject = 13D46E212656DEA900B034DB /* Project object */;
}
